{
  "name": "backend-server",
  "version": "1.0.0",
  "lockfileVersion": 1,
  "requires": true,
  "dependencies": {
    "mpd": {
      "version": "git+https://github.com/drhideg/mpd.js.git#c2f3dfd176de7fe2c00ce18422b7cf341b6aac51",
      "from": "git+https://github.com/drhideg/mpd.js.git"
    }
  }
}
